
Microsoft Visual Studio Solution File, Format Version 12.00
Project("{FAE04EC0-301F-11D3-BF4B-00C04F79EFBC}") = "CompanionDomain", "CompanionDomain\CompanionDomain.csproj", "{FB0D9504-35FA-4C65-9A02-C26D5EEBB959}"
EndProject
Project("{FAE04EC0-301F-11D3-BF4B-00C04F79EFBC}") = "CompanionTests", "CompanionTests\CompanionTests.csproj", "{513E0D67-C692-4EF1-992C-4E4980D02846}"
EndProject
Project("{FAE04EC0-301F-11D3-BF4B-00C04F79EFBC}") = "CompanionUI", "CompanionUI\CompanionUI.csproj", "{11B80C79-A021-4AAF-9245-08E5D3522243}"
EndProject
Project("{FAE04EC0-301F-11D3-BF4B-00C04F79EFBC}") = "CompanionData", "CompanionData\CompanionData.csproj", "{8390076D-CE1F-4642-AF4E-9DF5BB197320}"
EndProject
Global
	GlobalSection(SolutionConfigurationPlatforms) = preSolution
		Debug|Any CPU = Debug|Any CPU
		Release|Any CPU = Release|Any CPU
	EndGlobalSection
	GlobalSection(ProjectConfigurationPlatforms) = postSolution
		{FB0D9504-35FA-4C65-9A02-C26D5EEBB959}.Debug|Any CPU.ActiveCfg = Debug|Any CPU
		{FB0D9504-35FA-4C65-9A02-C26D5EEBB959}.Debug|Any CPU.Build.0 = Debug|Any CPU
		{FB0D9504-35FA-4C65-9A02-C26D5EEBB959}.Release|Any CPU.ActiveCfg = Release|Any CPU
		{FB0D9504-35FA-4C65-9A02-C26D5EEBB959}.Release|Any CPU.Build.0 = Release|Any CPU
		{513E0D67-C692-4EF1-992C-4E4980D02846}.Debug|Any CPU.ActiveCfg = Debug|Any CPU
		{513E0D67-C692-4EF1-992C-4E4980D02846}.Debug|Any CPU.Build.0 = Debug|Any CPU
		{513E0D67-C692-4EF1-992C-4E4980D02846}.Release|Any CPU.ActiveCfg = Release|Any CPU
		{513E0D67-C692-4EF1-992C-4E4980D02846}.Release|Any CPU.Build.0 = Release|Any CPU
		{11B80C79-A021-4AAF-9245-08E5D3522243}.Debug|Any CPU.ActiveCfg = Debug|Any CPU
		{11B80C79-A021-4AAF-9245-08E5D3522243}.Debug|Any CPU.Build.0 = Debug|Any CPU
		{11B80C79-A021-4AAF-9245-08E5D3522243}.Release|Any CPU.ActiveCfg = Release|Any CPU
		{11B80C79-A021-4AAF-9245-08E5D3522243}.Release|Any CPU.Build.0 = Release|Any CPU
		{8390076D-CE1F-4642-AF4E-9DF5BB197320}.Debug|Any CPU.ActiveCfg = Debug|Any CPU
		{8390076D-CE1F-4642-AF4E-9DF5BB197320}.Debug|Any CPU.Build.0 = Debug|Any CPU
		{8390076D-CE1F-4642-AF4E-9DF5BB197320}.Release|Any CPU.ActiveCfg = Release|Any CPU
		{8390076D-CE1F-4642-AF4E-9DF5BB197320}.Release|Any CPU.Build.0 = Release|Any CPU
	EndGlobalSection
EndGlobal
